// !$*UTF8*$!
{
	archiveVersion = 1;
	classes = {
	};
	objectVersion = 50;
	objects = {

/* Begin PBXBuildFile section */
		109846C1245904590047CFCC /* AppDelegate.swift in Sources */ = {isa = PBXBuildFile; fileRef = 109846C0245904590047CFCC /* AppDelegate.swift */; };
		109846C3245904590047CFCC /* SceneDelegate.swift in Sources */ = {isa = PBXBuildFile; fileRef = 109846C2245904590047CFCC /* SceneDelegate.swift */; };
		109846C5245904590047CFCC /* ViewController.swift in Sources */ = {isa = PBXBuildFile; fileRef = 109846C4245904590047CFCC /* ViewController.swift */; };
		109846C8245904590047CFCC /* Main.storyboard in Resources */ = {isa = PBXBuildFile; fileRef = 109846C6245904590047CFCC /* Main.storyboard */; };
		109846CA2459045B0047CFCC /* Assets.xcassets in Resources */ = {isa = PBXBuildFile; fileRef = 109846C92459045B0047CFCC /* Assets.xcassets */; };
		109846CD2459045B0047CFCC /* LaunchScreen.storyboard in Resources */ = {isa = PBXBuildFile; fileRef = 109846CB2459045B0047CFCC /* LaunchScreen.storyboard */; };
		109846D5245985AE0047CFCC /* Units.swift in Sources */ = {isa = PBXBuildFile; fileRef = 109846D4245985AE0047CFCC /* Units.swift */; };
		109846D7245985C50047CFCC /* RoundButton.swift in Sources */ = {isa = PBXBuildFile; fileRef = 109846D6245985C50047CFCC /* RoundButton.swift */; };
		109846D9245998600047CFCC /* RoundLabel.swift in Sources */ = {isa = PBXBuildFile; fileRef = 109846D8245998600047CFCC /* RoundLabel.swift */; };
		109846DB245998970047CFCC /* CustomAnnotation.swift in Sources */ = {isa = PBXBuildFile; fileRef = 109846DA245998970047CFCC /* CustomAnnotation.swift */; };
		109846DD245A40660047CFCC /* RoundView.swift in Sources */ = {isa = PBXBuildFile; fileRef = 109846DC245A40660047CFCC /* RoundView.swift */; };
/* End PBXBuildFile section */

/* Begin PBXFileReference section */
		109846BD245904590047CFCC /* RunningApp.app */ = {isa = PBXFileReference; explicitFileType = wrapper.application; includeInIndex = 0; path = RunningApp.app; sourceTree = BUILT_PRODUCTS_DIR; };
		109846C0245904590047CFCC /* AppDelegate.swift */ = {isa = PBXFileReference; lastKnownFileType = sourcecode.swift; path = AppDelegate.swift; sourceTree = "<group>"; };
		109846C2245904590047CFCC /* SceneDelegate.swift */ = {isa = PBXFileReference; lastKnownFileType = sourcecode.swift; path = SceneDelegate.swift; sourceTree = "<group>"; };
		109846C4245904590047CFCC /* ViewController.swift */ = {isa = PBXFileReference; lastKnownFileType = sourcecode.swift; path = ViewController.swift; sourceTree = "<group>"; };
		109846C7245904590047CFCC /* Base */ = {isa = PBXFileReference; lastKnownFileType = file.storyboard; name = Base; path = Base.lproj/Main.storyboard; sourceTree = "<group>"; };
		109846C92459045B0047CFCC /* Assets.xcassets */ = {isa = PBXFileReference; lastKnownFileType = folder.assetcatalog; path = Assets.xcassets; sourceTree = "<group>"; };
		109846CC2459045B0047CFCC /* Base */ = {isa = PBXFileReference; lastKnownFileType = file.storyboard; name = Base; path = Base.lproj/LaunchScreen.storyboard; sourceTree = "<group>"; };
		109846CE2459045B0047CFCC /* Info.plist */ = {isa = PBXFileReference; lastKnownFileType = text.plist.xml; path = Info.plist; sourceTree = "<group>"; };
		109846D4245985AE0047CFCC /* Units.swift */ = {isa = PBXFileReference; lastKnownFileType = sourcecode.swift; path = Units.swift; sourceTree = "<group>"; };
		109846D6245985C50047CFCC /* RoundButton.swift */ = {isa = PBXFileReference; lastKnownFileType = sourcecode.swift; path = RoundButton.swift; sourceTree = "<group>"; };
		109846D8245998600047CFCC /* RoundLabel.swift */ = {isa = PBXFileReference; lastKnownFileType = sourcecode.swift; path = RoundLabel.swift; sourceTree = "<group>"; };
		109846DA245998970047CFCC /* CustomAnnotation.swift */ = {isa = PBXFileReference; lastKnownFileType = sourcecode.swift; path = CustomAnnotation.swift; sourceTree = "<group>"; };
		109846DC245A40660047CFCC /* RoundView.swift */ = {isa = PBXFileReference; lastKnownFileType = sourcecode.swift; path = RoundView.swift; sourceTree = "<group>"; };
/* End PBXFileReference section */

/* Begin PBXFrameworksBuildPhase section */
		109846BA245904590047CFCC /* Frameworks */ = {
			isa = PBXFrameworksBuildPhase;
			buildActionMask = 2147483647;
			files = (
			);
			runOnlyForDeploymentPostprocessing = 0;
		};
/* End PBXFrameworksBuildPhase section */

/* Begin PBXGroup section */
		109846B4245904590047CFCC = {
			isa = PBXGroup;
			children = (
				109846BF245904590047CFCC /* RunningApp */,
				109846BE245904590047CFCC /* Products */,
			);
			sourceTree = "<group>";
		};
		109846BE245904590047CFCC /* Products */ = {
			isa = PBXGroup;
			children = (
				109846BD245904590047CFCC /* RunningApp.app */,
			);
			name = Products;
			sourceTree = "<group>";
		};
		109846BF245904590047CFCC /* RunningApp */ = {
			isa = PBXGroup;
			children = (
				109846C0245904590047CFCC /* AppDelegate.swift */,
				109846C2245904590047CFCC /* SceneDelegate.swift */,
				109846DE245A5A2F0047CFCC /* Model */,
				109846DF245A5A3D0047CFCC /* View */,
				109846E0245A5A460047CFCC /* Controller */,
				109846C6245904590047CFCC /* Main.storyboard */,
				109846C92459045B0047CFCC /* Assets.xcassets */,
				109846CB2459045B0047CFCC /* LaunchScreen.storyboard */,
				109846CE2459045B0047CFCC /* Info.plist */,
			);
			path = RunningApp;
			sourceTree = "<group>";
		};
		109846DE245A5A2F0047CFCC /* Model */ = {
			isa = PBXGroup;
			children = (
				109846D4245985AE0047CFCC /* Units.swift */,
			);
			path = Model;
			sourceTree = "<group>";
		};
		109846DF245A5A3D0047CFCC /* View */ = {
			isa = PBXGroup;
			children = (
				109846DC245A40660047CFCC /* RoundView.swift */,
				109846D6245985C50047CFCC /* RoundButton.swift */,
				109846D8245998600047CFCC /* RoundLabel.swift */,
				109846DA245998970047CFCC /* CustomAnnotation.swift */,
			);
			path = View;
			sourceTree = "<group>";
		};
		109846E0245A5A460047CFCC /* Controller */ = {
			isa = PBXGroup;
			children = (
				109846C4245904590047CFCC /* ViewController.swift */,
			);
			path = Controller;
			sourceTree = "<group>";
		};
/* End PBXGroup section */

/* Begin PBXNativeTarget section */
		109846BC245904590047CFCC /* RunningApp */ = {
			isa = PBXNativeTarget;
			buildConfigurationList = 109846D12459045B0047CFCC /* Build configuration list for PBXNativeTarget "RunningApp" */;
			buildPhases = (
				109846B9245904590047CFCC /* Sources */,
				109846BA245904590047CFCC /* Frameworks */,
				109846BB245904590047CFCC /* Resources */,
			);
			buildRules = (
			);
			dependencies = (
			);
			name = RunningApp;
			productName = RunningApp;
			productReference = 109846BD245904590047CFCC /* RunningApp.app */;
			productType = "com.apple.product-type.application";
		};
/* End PBXNativeTarget section */

/* Begin PBXProject section */
		109846B5245904590047CFCC /* Project object */ = {
			isa = PBXProject;
			attributes = {
				LastSwiftUpdateCheck = 1130;
				LastUpgradeCheck = 1130;
				ORGANIZATIONNAME = "Mohammad Shayan";
				TargetAttributes = {
					109846BC245904590047CFCC = {
						CreatedOnToolsVersion = 11.3.1;
					};
				};
			};
			buildConfigurationList = 109846B8245904590047CFCC /* Build configuration list for PBXProject "RunningApp" */;
			compatibilityVersion = "Xcode 9.3";
			developmentRegion = en;
			hasScannedForEncodings = 0;
			knownRegions = (
				en,
				Base,
			);
			mainGroup = 109846B4245904590047CFCC;
			productRefGroup = 109846BE245904590047CFCC /* Products */;
			projectDirPath = "";
			projectRoot = "";
			targets = (
				109846BC245904590047CFCC /* RunningApp */,
			);
		};
/* End PBXProject section */

/* Begin PBXResourcesBuildPhase section */
		109846BB245904590047CFCC /* Resources */ = {
			isa = PBXResourcesBuildPhase;
			buildActionMask = 2147483647;
			files = (
				109846CD2459045B0047CFCC /* LaunchScreen.storyboard in Resources */,
				109846CA2459045B0047CFCC /* Assets.xcassets in Resources */,
				109846C8245904590047CFCC /* Main.storyboard in Resources */,
			);
			runOnlyForDeploymentPostprocessing = 0;
		};
/* End PBXResourcesBuildPhase section */

/* Begin PBXSourcesBuildPhase section */
		109846B9245904590047CFCC /* Sources */ = {
			isa = PBXSourcesBuildPhase;
			buildActionMask = 2147483647;
			files = (
				109846C5245904590047CFCC /* ViewController.swift in Sources */,
				109846D9245998600047CFCC /* RoundLabel.swift in Sources */,
				109846D7245985C50047CFCC /* RoundButton.swift in Sources */,
				109846D5245985AE0047CFCC /* Units.swift in Sources */,
				109846C1245904590047CFCC /* AppDelegate.swift in Sources */,
				109846DD245A40660047CFCC /* RoundView.swift in Sources */,
				109846C3245904590047CFCC /* SceneDelegate.swift in Sources */,
				109846DB245998970047CFCC /* CustomAnnotation.swift in Sources */,
			);
			runOnlyForDeploymentPostprocessing = 0;
		};
/* End PBXSourcesBuildPhase section */

/* Begin PBXVariantGroup section */
		109846C6245904590047CFCC /* Main.storyboard */ = {
			isa = PBXVariantGroup;
			children = (
				109846C7245904590047CFCC /* Base */,
			);
			name = Main.storyboard;
			sourceTree = "<group>";
		};
		109846CB2459045B0047CFCC /* LaunchScreen.storyboard */ = {
			isa = PBXVariantGroup;
			children = (
				109846CC2459045B0047CFCC /* Base */,
			);
			name = LaunchScreen.storyboard;
			sourceTree = "<group>";
		};
/* End PBXVariantGroup section */

/* Begin XCBuildConfiguration section */
		109846CF2459045B0047CFCC /* Debug */ = {
			isa = XCBuildConfiguration;
			buildSettings = {
				ALWAYS_SEARCH_USER_PATHS = NO;
				CLANG_ANALYZER_NONNULL = YES;
				CLANG_ANALYZER_NUMBER_OBJECT_CONVERSION = YES_AGGRESSIVE;
				CLANG_CXX_LANGUAGE_STANDARD = "gnu++14";
				CLANG_CXX_LIBRARY = "libc++";
				CLANG_ENABLE_MODULES = YES;
				CLANG_ENABLE_OBJC_ARC = YES;
				CLANG_ENABLE_OBJC_WEAK = YES;
				CLANG_WARN_BLOCK_CAPTURE_AUTORELEASING = YES;
				CLANG_WARN_BOOL_CONVERSION = YES;
				CLANG_WARN_COMMA = YES;
				CLANG_WARN_CONSTANT_CONVERSION = YES;
				CLANG_WARN_DEPRECATED_OBJC_IMPLEMENTATIONS = YES;
				CLANG_WARN_DIRECT_OBJC_ISA_USAGE = YES_ERROR;
				CLANG_WARN_DOCUMENTATION_COMMENTS = YES;
				CLANG_WARN_EMPTY_BODY = YES;
				CLANG_WARN_ENUM_CONVERSION = YES;
				CLANG_WARN_INFINITE_RECURSION = YES;
				CLANG_WARN_INT_CONVERSION = YES;
				CLANG_WARN_NON_LITERAL_NULL_CONVERSION = YES;
				CLANG_WARN_OBJC_IMPLICIT_RETAIN_SELF = YES;
				CLANG_WARN_OBJC_LITERAL_CONVERSION = YES;
				CLANG_WARN_OBJC_ROOT_CLASS = YES_ERROR;
				CLANG_WARN_RANGE_LOOP_ANALYSIS = YES;
				CLANG_WARN_STRICT_PROTOTYPES = YES;
				CLANG_WARN_SUSPICIOUS_MOVE = YES;
				CLANG_WARN_UNGUARDED_AVAILABILITY = YES_AGGRESSIVE;
				CLANG_WARN_UNREACHABLE_CODE = YES;
				CLANG_WARN__DUPLICATE_METHOD_MATCH = YES;
				COPY_PHASE_STRIP = NO;
				DEBUG_INFORMATION_FORMAT = dwarf;
				ENABLE_STRICT_OBJC_MSGSEND = YES;
				ENABLE_TESTABILITY = YES;
				GCC_C_LANGUAGE_STANDARD = gnu11;
				GCC_DYNAMIC_NO_PIC = NO;
				GCC_NO_COMMON_BLOCKS = YES;
				GCC_OPTIMIZATION_LEVEL = 0;
				GCC_PREPROCESSOR_DEFINITIONS = (
					"DEBUG=1",
					"$(inherited)",
				);
				GCC_WARN_64_TO_32_BIT_CONVERSION = YES;
				GCC_WARN_ABOUT_RETURN_TYPE = YES_ERROR;
				GCC_WARN_UNDECLARED_SELECTOR = YES;
				GCC_WARN_UNINITIALIZED_AUTOS = YES_AGGRESSIVE;
				GCC_WARN_UNUSED_FUNCTION = YES;
				GCC_WARN_UNUSED_VARIABLE = YES;
				IPHONEOS_DEPLOYMENT_TARGET = 13.2;
				MTL_ENABLE_DEBUG_INFO = INCLUDE_SOURCE;
				MTL_FAST_MATH = YES;
				ONLY_ACTIVE_ARCH = YES;
				SDKROOT = iphoneos;
				SWIFT_ACTIVE_COMPILATION_CONDITIONS = DEBUG;
				SWIFT_OPTIMIZATION_LEVEL = "-Onone";
			};
			name = Debug;
		};
		109846D02459045B0047CFCC /* Release */ = {
			isa = XCBuildConfiguration;
			buildSettings = {
				ALWAYS_SEARCH_USER_PATHS = NO;
				CLANG_ANALYZER_NONNULL = YES;
				CLANG_ANALYZER_NUMBER_OBJECT_CONVERSION = YES_AGGRESSIVE;
				CLANG_CXX_LANGUAGE_STANDARD = "gnu++14";
				CLANG_CXX_LIBRARY = "libc++";
				CLANG_ENABLE_MODULES = YES;
				CLANG_ENABLE_OBJC_ARC = YES;
				CLANG_ENABLE_OBJC_WEAK = YES;
				CLANG_WARN_BLOCK_CAPTURE_AUTORELEASING = YES;
				CLANG_WARN_BOOL_CONVERSION = YES;
				CLANG_WARN_COMMA = YES;
				CLANG_WARN_CONSTANT_CONVERSION = YES;
				CLANG_WARN_DEPRECATED_OBJC_IMPLEMENTATIONS = YES;
				CLANG_WARN_DIRECT_OBJC_ISA_USAGE = YES_ERROR;
				CLANG_WARN_DOCUMENTATION_COMMENTS = YES;
				CLANG_WARN_EMPTY_BODY = YES;
				CLANG_WARN_ENUM_CONVERSION = YES;
				CLANG_WARN_INFINITE_RECURSION = YES;
				CLANG_WARN_INT_CONVERSION = YES;
				CLANG_WARN_NON_LITERAL_NULL_CONVERSION = YES;
				CLANG_WARN_OBJC_IMPLICIT_RETAIN_SELF = YES;
				CLANG_WARN_OBJC_LITERAL_CONVERSION = YES;
				CLANG_WARN_OBJC_ROOT_CLASS = YES_ERROR;
				CLANG_WARN_RANGE_LOOP_ANALYSIS = YES;
				CLANG_WARN_STRICT_PROTOTYPES = YES;
				CLANG_WARN_SUSPICIOUS_MOVE = YES;
				CLANG_WARN_UNGUARDED_AVAILABILITY = YES_AGGRESSIVE;
				CLANG_WARN_UNREACHABLE_CODE = YES;
				CLANG_WARN__DUPLICATE_METHOD_MATCH = YES;
				COPY_PHASE_STRIP = NO;
				DEBUG_INFORMATION_FORMAT = "dwarf-with-dsym";
				ENABLE_NS_ASSERTIONS = NO;
				ENABLE_STRICT_OBJC_MSGSEND = YES;
				GCC_C_LANGUAGE_STANDARD = gnu11;
				GCC_NO_COMMON_BLOCKS = YES;
				GCC_WARN_64_TO_32_BIT_CONVERSION = YES;
				GCC_WARN_ABOUT_RETURN_TYPE = YES_ERROR;
				GCC_WARN_UNDECLARED_SELECTOR = YES;
				GCC_WARN_UNINITIALIZED_AUTOS = YES_AGGRESSIVE;
				GCC_WARN_UNUSED_FUNCTION = YES;
				GCC_WARN_UNUSED_VARIABLE = YES;
				IPHONEOS_DEPLOYMENT_TARGET = 13.2;
				MTL_ENABLE_DEBUG_INFO = NO;
				MTL_FAST_MATH = YES;
				SDKROOT = iphoneos;
				SWIFT_COMPILATION_MODE = wholemodule;
				SWIFT_OPTIMIZATION_LEVEL = "-O";
				VALIDATE_PRODUCT = YES;
			};
			name = Release;
		};
		109846D22459045B0047CFCC /* Debug */ = {
			isa = XCBuildConfiguration;
			buildSettings = {
				ASSETCATALOG_COMPILER_APPICON_NAME = AppIcon;
				CODE_SIGN_STYLE = Automatic;
				DEVELOPMENT_TEAM = HB98CM97SS;
				INFOPLIST_FILE = RunningApp/Info.plist;
				LD_RUNPATH_SEARCH_PATHS = (
					"$(inherited)",
					"@executable_path/Frameworks",
				);
				PRODUCT_BUNDLE_IDENTIFIER = com.mshayanh13.RunningApp;
				PRODUCT_NAME = "$(TARGET_NAME)";
				SWIFT_VERSION = 5.0;
				TARGETED_DEVICE_FAMILY = "1,2";
			};
			name = Debug;
		};
		109846D32459045B0047CFCC /* Release */ = {
			isa = XCBuildConfiguration;
			buildSettings = {
				ASSETCATALOG_COMPILER_APPICON_NAME = AppIcon;
				CODE_SIGN_STYLE = Automatic;
				DEVELOPMENT_TEAM = HB98CM97SS;
				INFOPLIST_FILE = RunningApp/Info.plist;
				LD_RUNPATH_SEARCH_PATHS = (
					"$(inherited)",
					"@executable_path/Frameworks",
				);
				PRODUCT_BUNDLE_IDENTIFIER = com.mshayanh13.RunningApp;
				PRODUCT_NAME = "$(TARGET_NAME)";
				SWIFT_VERSION = 5.0;
				TARGETED_DEVICE_FAMILY = "1,2";
			};
			name = Release;
		};
/* End XCBuildConfiguration section */

/* Begin XCConfigurationList section */
		109846B8245904590047CFCC /* Build configuration list for PBXProject "RunningApp" */ = {
			isa = XCConfigurationList;
			buildConfigurations = (
				109846CF2459045B0047CFCC /* Debug */,
				109846D02459045B0047CFCC /* Release */,
			);
			defaultConfigurationIsVisible = 0;
			defaultConfigurationName = Release;
		};
		109846D12459045B0047CFCC /* Build configuration list for PBXNativeTarget "RunningApp" */ = {
			isa = XCConfigurationList;
			buildConfigurations = (
				109846D22459045B0047CFCC /* Debug */,
				109846D32459045B0047CFCC /* Release */,
			);
			defaultConfigurationIsVisible = 0;
			defaultConfigurationName = Release;
		};
/* End XCConfigurationList section */
	};
	rootObject = 109846B5245904590047CFCC /* Project object */;
}
